
Microsoft Visual Studio Solution File, Format Version 12.00
# Visual Studio 15
VisualStudioVersion = 15.0.27004.2009
MinimumVisualStudioVersion = 10.0.40219.1
Project("{9A19103F-16F7-4668-BE54-9A1E7A4F7556}") = "HTF2017.WebApi", "HTF2017.WebApi\HTF2017.WebApi.csproj", "{6ABF0D1E-D918-4A27-BA79-CF26C734000C}"
EndProject
Project("{9A19103F-16F7-4668-BE54-9A1E7A4F7556}") = "HTF2017.DataAccess", "HTF2017.DataAccess\HTF2017.DataAccess.csproj", "{0C647E5A-028C-48EF-987D-3AB875131DC0}"
EndProject
Project("{9A19103F-16F7-4668-BE54-9A1E7A4F7556}") = "HTF2017.Business", "HTF2017.Business\HTF2017.Business.csproj", "{C8EBD262-37AA-40A0-8CE7-FF90C1261526}"
EndProject
Project("{FAE04EC0-301F-11D3-BF4B-00C04F79EFBC}") = "HTF2017.DataTransferObjects", "HTF2017.DataTransferObjects\HTF2017.DataTransferObjects.csproj", "{E91047DF-11F7-4048-98F6-E1F1C17ABDE2}"
EndProject
Project("{FAE04EC0-301F-11D3-BF4B-00C04F79EFBC}") = "HTF2017.Mappers", "HTF2017.Mappers\HTF2017.Mappers.csproj", "{BB639605-8062-4BD5-BC9A-3386D5677BB9}"
EndProject
Global
	GlobalSection(SolutionConfigurationPlatforms) = preSolution
		Debug|Any CPU = Debug|Any CPU
		Release|Any CPU = Release|Any CPU
	EndGlobalSection
	GlobalSection(ProjectConfigurationPlatforms) = postSolution
		{6ABF0D1E-D918-4A27-BA79-CF26C734000C}.Debug|Any CPU.ActiveCfg = Debug|Any CPU
		{6ABF0D1E-D918-4A27-BA79-CF26C734000C}.Debug|Any CPU.Build.0 = Debug|Any CPU
		{6ABF0D1E-D918-4A27-BA79-CF26C734000C}.Release|Any CPU.ActiveCfg = Release|Any CPU
		{6ABF0D1E-D918-4A27-BA79-CF26C734000C}.Release|Any CPU.Build.0 = Release|Any CPU
		{0C647E5A-028C-48EF-987D-3AB875131DC0}.Debug|Any CPU.ActiveCfg = Debug|Any CPU
		{0C647E5A-028C-48EF-987D-3AB875131DC0}.Debug|Any CPU.Build.0 = Debug|Any CPU
		{0C647E5A-028C-48EF-987D-3AB875131DC0}.Release|Any CPU.ActiveCfg = Release|Any CPU
		{0C647E5A-028C-48EF-987D-3AB875131DC0}.Release|Any CPU.Build.0 = Release|Any CPU
		{C8EBD262-37AA-40A0-8CE7-FF90C1261526}.Debug|Any CPU.ActiveCfg = Debug|Any CPU
		{C8EBD262-37AA-40A0-8CE7-FF90C1261526}.Debug|Any CPU.Build.0 = Debug|Any CPU
		{C8EBD262-37AA-40A0-8CE7-FF90C1261526}.Release|Any CPU.ActiveCfg = Release|Any CPU
		{C8EBD262-37AA-40A0-8CE7-FF90C1261526}.Release|Any CPU.Build.0 = Release|Any CPU
		{E91047DF-11F7-4048-98F6-E1F1C17ABDE2}.Debug|Any CPU.ActiveCfg = Debug|Any CPU
		{E91047DF-11F7-4048-98F6-E1F1C17ABDE2}.Debug|Any CPU.Build.0 = Debug|Any CPU
		{E91047DF-11F7-4048-98F6-E1F1C17ABDE2}.Release|Any CPU.ActiveCfg = Release|Any CPU
		{E91047DF-11F7-4048-98F6-E1F1C17ABDE2}.Release|Any CPU.Build.0 = Release|Any CPU
		{BB639605-8062-4BD5-BC9A-3386D5677BB9}.Debug|Any CPU.ActiveCfg = Debug|Any CPU
		{BB639605-8062-4BD5-BC9A-3386D5677BB9}.Debug|Any CPU.Build.0 = Debug|Any CPU
		{BB639605-8062-4BD5-BC9A-3386D5677BB9}.Release|Any CPU.ActiveCfg = Release|Any CPU
		{BB639605-8062-4BD5-BC9A-3386D5677BB9}.Release|Any CPU.Build.0 = Release|Any CPU
	EndGlobalSection
	GlobalSection(SolutionProperties) = preSolution
		HideSolutionNode = FALSE
	EndGlobalSection
	GlobalSection(ExtensibilityGlobals) = postSolution
		SolutionGuid = {E6742713-E60E-478F-9B41-475D3DB3978C}
	EndGlobalSection
EndGlobal
